// !$*UTF8*$!
{
	archiveVersion = 1;
	classes = {
	};
	objectVersion = 48;
	objects = {

/* Begin PBXBuildFile section */
		102B6D331F63C0CB006D7E2D /* GradientProgress.swift in Sources */ = {isa = PBXBuildFile; fileRef = 102B6D321F63C0CB006D7E2D /* GradientProgress.swift */; };
		10503B751F64153E0067A7A7 /* AppDelegate.swift in Sources */ = {isa = PBXBuildFile; fileRef = 10503B6B1F64153E0067A7A7 /* AppDelegate.swift */; };
		10503B761F64153E0067A7A7 /* Assets.xcassets in Resources */ = {isa = PBXBuildFile; fileRef = 10503B6C1F64153E0067A7A7 /* Assets.xcassets */; };
		10503B771F64153E0067A7A7 /* LaunchScreen.storyboard in Resources */ = {isa = PBXBuildFile; fileRef = 10503B6D1F64153E0067A7A7 /* LaunchScreen.storyboard */; };
		10503B781F64153E0067A7A7 /* Main.storyboard in Resources */ = {isa = PBXBuildFile; fileRef = 10503B6F1F64153E0067A7A7 /* Main.storyboard */; };
		10503B791F64153E0067A7A7 /* Info.plist in Resources */ = {isa = PBXBuildFile; fileRef = 10503B711F64153E0067A7A7 /* Info.plist */; };
		10503B7A1F64153E0067A7A7 /* sampleImage.png in Resources */ = {isa = PBXBuildFile; fileRef = 10503B721F64153E0067A7A7 /* sampleImage.png */; };
		10503B7C1F64153E0067A7A7 /* ViewController.swift in Sources */ = {isa = PBXBuildFile; fileRef = 10503B741F64153E0067A7A7 /* ViewController.swift */; };
		10503B811F6416E90067A7A7 /* storyboard.png in Resources */ = {isa = PBXBuildFile; fileRef = 10503B801F6416E90067A7A7 /* storyboard.png */; };
/* End PBXBuildFile section */

/* Begin PBXFileReference section */
		102B6D1D1F63C04F006D7E2D /* GradientProjectExample.app */ = {isa = PBXFileReference; explicitFileType = wrapper.application; includeInIndex = 0; path = GradientProjectExample.app; sourceTree = BUILT_PRODUCTS_DIR; };
		102B6D321F63C0CB006D7E2D /* GradientProgress.swift */ = {isa = PBXFileReference; fileEncoding = 4; lastKnownFileType = sourcecode.swift; name = GradientProgress.swift; path = ../../Sources/GradientProgress.swift; sourceTree = "<group>"; };
		10503B6B1F64153E0067A7A7 /* AppDelegate.swift */ = {isa = PBXFileReference; fileEncoding = 4; lastKnownFileType = sourcecode.swift; path = AppDelegate.swift; sourceTree = "<group>"; };
		10503B6C1F64153E0067A7A7 /* Assets.xcassets */ = {isa = PBXFileReference; lastKnownFileType = folder.assetcatalog; path = Assets.xcassets; sourceTree = "<group>"; };
		10503B6E1F64153E0067A7A7 /* Base */ = {isa = PBXFileReference; lastKnownFileType = file.storyboard; name = Base; path = Base.lproj/LaunchScreen.storyboard; sourceTree = "<group>"; };
		10503B701F64153E0067A7A7 /* Base */ = {isa = PBXFileReference; lastKnownFileType = file.storyboard; name = Base; path = Base.lproj/Main.storyboard; sourceTree = "<group>"; };
		10503B711F64153E0067A7A7 /* Info.plist */ = {isa = PBXFileReference; fileEncoding = 4; lastKnownFileType = text.plist.xml; path = Info.plist; sourceTree = "<group>"; };
		10503B721F64153E0067A7A7 /* sampleImage.png */ = {isa = PBXFileReference; lastKnownFileType = image.png; path = sampleImage.png; sourceTree = "<group>"; };
		10503B741F64153E0067A7A7 /* ViewController.swift */ = {isa = PBXFileReference; fileEncoding = 4; lastKnownFileType = sourcecode.swift; path = ViewController.swift; sourceTree = "<group>"; };
		10503B801F6416E90067A7A7 /* storyboard.png */ = {isa = PBXFileReference; lastKnownFileType = image.png; path = storyboard.png; sourceTree = "<group>"; };
/* End PBXFileReference section */

/* Begin PBXFrameworksBuildPhase section */
		102B6D1A1F63C04F006D7E2D /* Frameworks */ = {
			isa = PBXFrameworksBuildPhase;
			buildActionMask = 2147483647;
			files = (
			);
			runOnlyForDeploymentPostprocessing = 0;
		};
/* End PBXFrameworksBuildPhase section */

/* Begin PBXGroup section */
		102B6D141F63C04F006D7E2D = {
			isa = PBXGroup;
			children = (
				10503B6A1F64153E0067A7A7 /* GradientProjectExample */,
				102B6D321F63C0CB006D7E2D /* GradientProgress.swift */,
				102B6D1E1F63C04F006D7E2D /* Products */,
			);
			sourceTree = "<group>";
		};
		102B6D1E1F63C04F006D7E2D /* Products */ = {
			isa = PBXGroup;
			children = (
				102B6D1D1F63C04F006D7E2D /* GradientProjectExample.app */,
			);
			name = Products;
			sourceTree = "<group>";
		};
		10503B6A1F64153E0067A7A7 /* GradientProjectExample */ = {
			isa = PBXGroup;
			children = (
				10503B6B1F64153E0067A7A7 /* AppDelegate.swift */,
				10503B6C1F64153E0067A7A7 /* Assets.xcassets */,
				10503B6D1F64153E0067A7A7 /* LaunchScreen.storyboard */,
				10503B6F1F64153E0067A7A7 /* Main.storyboard */,
				10503B711F64153E0067A7A7 /* Info.plist */,
				10503B7E1F64156E0067A7A7 /* storedImages */,
				10503B741F64153E0067A7A7 /* ViewController.swift */,
			);
			path = GradientProjectExample;
			sourceTree = "<group>";
		};
		10503B7E1F64156E0067A7A7 /* storedImages */ = {
			isa = PBXGroup;
			children = (
				10503B801F6416E90067A7A7 /* storyboard.png */,
				10503B721F64153E0067A7A7 /* sampleImage.png */,
			);
			path = storedImages;
			sourceTree = "<group>";
		};
/* End PBXGroup section */

/* Begin PBXNativeTarget section */
		102B6D1C1F63C04F006D7E2D /* GradientProjectExample */ = {
			isa = PBXNativeTarget;
			buildConfigurationList = 102B6D2F1F63C04F006D7E2D /* Build configuration list for PBXNativeTarget "GradientProjectExample" */;
			buildPhases = (
				102B6D191F63C04F006D7E2D /* Sources */,
				102B6D1A1F63C04F006D7E2D /* Frameworks */,
				102B6D1B1F63C04F006D7E2D /* Resources */,
			);
			buildRules = (
			);
			dependencies = (
			);
			name = GradientProjectExample;
			productName = GradientProjectExample;
			productReference = 102B6D1D1F63C04F006D7E2D /* GradientProjectExample.app */;
			productType = "com.apple.product-type.application";
		};
/* End PBXNativeTarget section */

/* Begin PBXProject section */
		102B6D151F63C04F006D7E2D /* Project object */ = {
			isa = PBXProject;
			attributes = {
				LastSwiftUpdateCheck = 0900;
				LastUpgradeCheck = 0900;
				ORGANIZATIONNAME = "Smetankin Dmitry";
				TargetAttributes = {
					102B6D1C1F63C04F006D7E2D = {
						CreatedOnToolsVersion = 9.0;
						ProvisioningStyle = Automatic;
					};
				};
			};
			buildConfigurationList = 102B6D181F63C04F006D7E2D /* Build configuration list for PBXProject "GradientProjectExample" */;
			compatibilityVersion = "Xcode 8.0";
			developmentRegion = en;
			hasScannedForEncodings = 0;
			knownRegions = (
				en,
				Base,
			);
			mainGroup = 102B6D141F63C04F006D7E2D;
			productRefGroup = 102B6D1E1F63C04F006D7E2D /* Products */;
			projectDirPath = "";
			projectRoot = "";
			targets = (
				102B6D1C1F63C04F006D7E2D /* GradientProjectExample */,
			);
		};
/* End PBXProject section */

/* Begin PBXResourcesBuildPhase section */
		102B6D1B1F63C04F006D7E2D /* Resources */ = {
			isa = PBXResourcesBuildPhase;
			buildActionMask = 2147483647;
			files = (
				10503B811F6416E90067A7A7 /* storyboard.png in Resources */,
				10503B761F64153E0067A7A7 /* Assets.xcassets in Resources */,
				10503B781F64153E0067A7A7 /* Main.storyboard in Resources */,
				10503B771F64153E0067A7A7 /* LaunchScreen.storyboard in Resources */,
				10503B791F64153E0067A7A7 /* Info.plist in Resources */,
				10503B7A1F64153E0067A7A7 /* sampleImage.png in Resources */,
			);
			runOnlyForDeploymentPostprocessing = 0;
		};
/* End PBXResourcesBuildPhase section */

/* Begin PBXSourcesBuildPhase section */
		102B6D191F63C04F006D7E2D /* Sources */ = {
			isa = PBXSourcesBuildPhase;
			buildActionMask = 2147483647;
			files = (
				10503B7C1F64153E0067A7A7 /* ViewController.swift in Sources */,
				10503B751F64153E0067A7A7 /* AppDelegate.swift in Sources */,
				102B6D331F63C0CB006D7E2D /* GradientProgress.swift in Sources */,
			);
			runOnlyForDeploymentPostprocessing = 0;
		};
/* End PBXSourcesBuildPhase section */

/* Begin PBXVariantGroup section */
		10503B6D1F64153E0067A7A7 /* LaunchScreen.storyboard */ = {
			isa = PBXVariantGroup;
			children = (
				10503B6E1F64153E0067A7A7 /* Base */,
			);
			name = LaunchScreen.storyboard;
			sourceTree = "<group>";
		};
		10503B6F1F64153E0067A7A7 /* Main.storyboard */ = {
			isa = PBXVariantGroup;
			children = (
				10503B701F64153E0067A7A7 /* Base */,
			);
			name = Main.storyboard;
			sourceTree = "<group>";
		};
/* End PBXVariantGroup section */

/* Begin XCBuildConfiguration section */
		102B6D2D1F63C04F006D7E2D /* Debug */ = {
			isa = XCBuildConfiguration;
			buildSettings = {
				ALWAYS_SEARCH_USER_PATHS = NO;
				CLANG_ANALYZER_NONNULL = YES;
				CLANG_ANALYZER_NUMBER_OBJECT_CONVERSION = YES_AGGRESSIVE;
				CLANG_CXX_LANGUAGE_STANDARD = "gnu++14";
				CLANG_CXX_LIBRARY = "libc++";
				CLANG_ENABLE_MODULES = YES;
				CLANG_ENABLE_OBJC_ARC = YES;
				CLANG_WARN_BLOCK_CAPTURE_AUTORELEASING = YES;
				CLANG_WARN_BOOL_CONVERSION = YES;
				CLANG_WARN_COMMA = YES;
				CLANG_WARN_CONSTANT_CONVERSION = YES;
				CLANG_WARN_DIRECT_OBJC_ISA_USAGE = YES_ERROR;
				CLANG_WARN_DOCUMENTATION_COMMENTS = YES;
				CLANG_WARN_EMPTY_BODY = YES;
				CLANG_WARN_ENUM_CONVERSION = YES;
				CLANG_WARN_INFINITE_RECURSION = YES;
				CLANG_WARN_INT_CONVERSION = YES;
				CLANG_WARN_NON_LITERAL_NULL_CONVERSION = YES;
				CLANG_WARN_OBJC_LITERAL_CONVERSION = YES;
				CLANG_WARN_OBJC_ROOT_CLASS = YES_ERROR;
				CLANG_WARN_RANGE_LOOP_ANALYSIS = YES;
				CLANG_WARN_STRICT_PROTOTYPES = YES;
				CLANG_WARN_SUSPICIOUS_MOVE = YES;
				CLANG_WARN_UNGUARDED_AVAILABILITY = YES_AGGRESSIVE;
				CLANG_WARN_UNREACHABLE_CODE = YES;
				CLANG_WARN__DUPLICATE_METHOD_MATCH = YES;
				CODE_SIGN_IDENTITY = "iPhone Developer";
				COPY_PHASE_STRIP = NO;
				DEBUG_INFORMATION_FORMAT = dwarf;
				ENABLE_STRICT_OBJC_MSGSEND = YES;
				ENABLE_TESTABILITY = YES;
				GCC_C_LANGUAGE_STANDARD = gnu11;
				GCC_DYNAMIC_NO_PIC = NO;
				GCC_NO_COMMON_BLOCKS = YES;
				GCC_OPTIMIZATION_LEVEL = 0;
				GCC_PREPROCESSOR_DEFINITIONS = (
					"DEBUG=1",
					"$(inherited)",
				);
				GCC_WARN_64_TO_32_BIT_CONVERSION = YES;
				GCC_WARN_ABOUT_RETURN_TYPE = YES_ERROR;
				GCC_WARN_UNDECLARED_SELECTOR = YES;
				GCC_WARN_UNINITIALIZED_AUTOS = YES_AGGRESSIVE;
				GCC_WARN_UNUSED_FUNCTION = YES;
				GCC_WARN_UNUSED_VARIABLE = YES;
				IPHONEOS_DEPLOYMENT_TARGET = 11.0;
				MTL_ENABLE_DEBUG_INFO = YES;
				ONLY_ACTIVE_ARCH = YES;
				SDKROOT = iphoneos;
				SWIFT_ACTIVE_COMPILATION_CONDITIONS = DEBUG;
				SWIFT_OPTIMIZATION_LEVEL = "-Onone";
			};
			name = Debug;
		};
		102B6D2E1F63C04F006D7E2D /* Release */ = {
			isa = XCBuildConfiguration;
			buildSettings = {
				ALWAYS_SEARCH_USER_PATHS = NO;
				CLANG_ANALYZER_NONNULL = YES;
				CLANG_ANALYZER_NUMBER_OBJECT_CONVERSION = YES_AGGRESSIVE;
				CLANG_CXX_LANGUAGE_STANDARD = "gnu++14";
				CLANG_CXX_LIBRARY = "libc++";
				CLANG_ENABLE_MODULES = YES;
				CLANG_ENABLE_OBJC_ARC = YES;
				CLANG_WARN_BLOCK_CAPTURE_AUTORELEASING = YES;
				CLANG_WARN_BOOL_CONVERSION = YES;
				CLANG_WARN_COMMA = YES;
				CLANG_WARN_CONSTANT_CONVERSION = YES;
				CLANG_WARN_DIRECT_OBJC_ISA_USAGE = YES_ERROR;
				CLANG_WARN_DOCUMENTATION_COMMENTS = YES;
				CLANG_WARN_EMPTY_BODY = YES;
				CLANG_WARN_ENUM_CONVERSION = YES;
				CLANG_WARN_INFINITE_RECURSION = YES;
				CLANG_WARN_INT_CONVERSION = YES;
				CLANG_WARN_NON_LITERAL_NULL_CONVERSION = YES;
				CLANG_WARN_OBJC_LITERAL_CONVERSION = YES;
				CLANG_WARN_OBJC_ROOT_CLASS = YES_ERROR;
				CLANG_WARN_RANGE_LOOP_ANALYSIS = YES;
				CLANG_WARN_STRICT_PROTOTYPES = YES;
				CLANG_WARN_SUSPICIOUS_MOVE = YES;
				CLANG_WARN_UNGUARDED_AVAILABILITY = YES_AGGRESSIVE;
				CLANG_WARN_UNREACHABLE_CODE = YES;
				CLANG_WARN__DUPLICATE_METHOD_MATCH = YES;
				CODE_SIGN_IDENTITY = "iPhone Developer";
				COPY_PHASE_STRIP = NO;
				DEBUG_INFORMATION_FORMAT = "dwarf-with-dsym";
				ENABLE_NS_ASSERTIONS = NO;
				ENABLE_STRICT_OBJC_MSGSEND = YES;
				GCC_C_LANGUAGE_STANDARD = gnu11;
				GCC_NO_COMMON_BLOCKS = YES;
				GCC_WARN_64_TO_32_BIT_CONVERSION = YES;
				GCC_WARN_ABOUT_RETURN_TYPE = YES_ERROR;
				GCC_WARN_UNDECLARED_SELECTOR = YES;
				GCC_WARN_UNINITIALIZED_AUTOS = YES_AGGRESSIVE;
				GCC_WARN_UNUSED_FUNCTION = YES;
				GCC_WARN_UNUSED_VARIABLE = YES;
				IPHONEOS_DEPLOYMENT_TARGET = 11.0;
				MTL_ENABLE_DEBUG_INFO = NO;
				SDKROOT = iphoneos;
				SWIFT_OPTIMIZATION_LEVEL = "-Owholemodule";
				VALIDATE_PRODUCT = YES;
			};
			name = Release;
		};
		102B6D301F63C04F006D7E2D /* Debug */ = {
			isa = XCBuildConfiguration;
			buildSettings = {
				ASSETCATALOG_COMPILER_APPICON_NAME = AppIcon;
				CODE_SIGN_STYLE = Automatic;
				DEVELOPMENT_TEAM = 35RWD3B7ZL;
				INFOPLIST_FILE = GradientProjectExample/Info.plist;
				LD_RUNPATH_SEARCH_PATHS = "$(inherited) @executable_path/Frameworks";
				PRODUCT_BUNDLE_IDENTIFIER = smetanateam.GradientProjectExample;
				PRODUCT_NAME = "$(TARGET_NAME)";
				SWIFT_VERSION = 4.0;
				TARGETED_DEVICE_FAMILY = "1,2";
			};
			name = Debug;
		};
		102B6D311F63C04F006D7E2D /* Release */ = {
			isa = XCBuildConfiguration;
			buildSettings = {
				ASSETCATALOG_COMPILER_APPICON_NAME = AppIcon;
				CODE_SIGN_STYLE = Automatic;
				DEVELOPMENT_TEAM = 35RWD3B7ZL;
				INFOPLIST_FILE = GradientProjectExample/Info.plist;
				LD_RUNPATH_SEARCH_PATHS = "$(inherited) @executable_path/Frameworks";
				PRODUCT_BUNDLE_IDENTIFIER = smetanateam.GradientProjectExample;
				PRODUCT_NAME = "$(TARGET_NAME)";
				SWIFT_VERSION = 4.0;
				TARGETED_DEVICE_FAMILY = "1,2";
			};
			name = Release;
		};
/* End XCBuildConfiguration section */

/* Begin XCConfigurationList section */
		102B6D181F63C04F006D7E2D /* Build configuration list for PBXProject "GradientProjectExample" */ = {
			isa = XCConfigurationList;
			buildConfigurations = (
				102B6D2D1F63C04F006D7E2D /* Debug */,
				102B6D2E1F63C04F006D7E2D /* Release */,
			);
			defaultConfigurationIsVisible = 0;
			defaultConfigurationName = Release;
		};
		102B6D2F1F63C04F006D7E2D /* Build configuration list for PBXNativeTarget "GradientProjectExample" */ = {
			isa = XCConfigurationList;
			buildConfigurations = (
				102B6D301F63C04F006D7E2D /* Debug */,
				102B6D311F63C04F006D7E2D /* Release */,
			);
			defaultConfigurationIsVisible = 0;
			defaultConfigurationName = Release;
		};
/* End XCConfigurationList section */
	};
	rootObject = 102B6D151F63C04F006D7E2D /* Project object */;
}
